
Microsoft Visual Studio Solution File, Format Version 12.00
# Visual Studio 15
VisualStudioVersion = 15.0.26430.12
MinimumVisualStudioVersion = 10.0.40219.1
Project("{FAE04EC0-301F-11D3-BF4B-00C04F79EFBC}") = "Kayıt Otomasyonu", "Fatura Kayıt Sistemi\Kayıt Otomasyonu.csproj", "{129E7155-A2EA-41F6-A8A5-77D187C5F4D2}"
EndProject
Global
	GlobalSection(SolutionConfigurationPlatforms) = preSolution
		All|Any CPU = All|Any CPU
		Debug|Any CPU = Debug|Any CPU
		Release|Any CPU = Release|Any CPU
	EndGlobalSection
	GlobalSection(ProjectConfigurationPlatforms) = postSolution
		{129E7155-A2EA-41F6-A8A5-77D187C5F4D2}.All|Any CPU.ActiveCfg = Release|Any CPU
		{129E7155-A2EA-41F6-A8A5-77D187C5F4D2}.Debug|Any CPU.ActiveCfg = Debug|Any CPU
		{129E7155-A2EA-41F6-A8A5-77D187C5F4D2}.Debug|Any CPU.Build.0 = Debug|Any CPU
		{129E7155-A2EA-41F6-A8A5-77D187C5F4D2}.Release|Any CPU.ActiveCfg = Release|Any CPU
		{129E7155-A2EA-41F6-A8A5-77D187C5F4D2}.Release|Any CPU.Build.0 = Release|Any CPU
	EndGlobalSection
	GlobalSection(SolutionProperties) = preSolution
		HideSolutionNode = FALSE
	EndGlobalSection
EndGlobal
